
Microsoft Visual Studio Solution File, Format Version 12.00
# Visual Studio Version 16
VisualStudioVersion = 16.0.31105.61
MinimumVisualStudioVersion = 10.0.40219.1
Project("{FAE04EC0-301F-11D3-BF4B-00C04F79EFBC}") = "HolaMundo", "HolaMundo\HolaMundo.csproj", "{4841DE5B-7F2A-4A70-9005-236FC0954C46}"
EndProject
Global
	GlobalSection(SolutionConfigurationPlatforms) = preSolution
		Debug|Any CPU = Debug|Any CPU
		Release|Any CPU = Release|Any CPU
	EndGlobalSection
	GlobalSection(ProjectConfigurationPlatforms) = postSolution
		{4841DE5B-7F2A-4A70-9005-236FC0954C46}.Debug|Any CPU.ActiveCfg = Debug|Any CPU
		{4841DE5B-7F2A-4A70-9005-236FC0954C46}.Debug|Any CPU.Build.0 = Debug|Any CPU
		{4841DE5B-7F2A-4A70-9005-236FC0954C46}.Release|Any CPU.ActiveCfg = Release|Any CPU
		{4841DE5B-7F2A-4A70-9005-236FC0954C46}.Release|Any CPU.Build.0 = Release|Any CPU
	EndGlobalSection
	GlobalSection(SolutionProperties) = preSolution
		HideSolutionNode = FALSE
	EndGlobalSection
	GlobalSection(ExtensibilityGlobals) = postSolution
		SolutionGuid = {617965E2-3FBD-49F6-BAC7-9BE6C35131F4}
	EndGlobalSection
EndGlobal
