
Microsoft Visual Studio Solution File, Format Version 12.00
# Visual Studio Version 16
VisualStudioVersion = 16.0.31105.61
MinimumVisualStudioVersion = 10.0.40219.1
Project("{FAE04EC0-301F-11D3-BF4B-00C04F79EFBC}") = "AdminPersonas", "AdminPersonas\AdminPersonas.csproj", "{6A8D9A79-B81E-4A97-BE0B-C292A69E3896}"
EndProject
Project("{FAE04EC0-301F-11D3-BF4B-00C04F79EFBC}") = "AdminPersonasModel", "AdminPersonasModel\AdminPersonasModel.csproj", "{815F1FCA-C90E-4E93-8DC8-DBBE02117986}"
EndProject
Global
	GlobalSection(SolutionConfigurationPlatforms) = preSolution
		Debug|Any CPU = Debug|Any CPU
		Release|Any CPU = Release|Any CPU
	EndGlobalSection
	GlobalSection(ProjectConfigurationPlatforms) = postSolution
		{6A8D9A79-B81E-4A97-BE0B-C292A69E3896}.Debug|Any CPU.ActiveCfg = Debug|Any CPU
		{6A8D9A79-B81E-4A97-BE0B-C292A69E3896}.Debug|Any CPU.Build.0 = Debug|Any CPU
		{6A8D9A79-B81E-4A97-BE0B-C292A69E3896}.Release|Any CPU.ActiveCfg = Release|Any CPU
		{6A8D9A79-B81E-4A97-BE0B-C292A69E3896}.Release|Any CPU.Build.0 = Release|Any CPU
		{815F1FCA-C90E-4E93-8DC8-DBBE02117986}.Debug|Any CPU.ActiveCfg = Debug|Any CPU
		{815F1FCA-C90E-4E93-8DC8-DBBE02117986}.Debug|Any CPU.Build.0 = Debug|Any CPU
		{815F1FCA-C90E-4E93-8DC8-DBBE02117986}.Release|Any CPU.ActiveCfg = Release|Any CPU
		{815F1FCA-C90E-4E93-8DC8-DBBE02117986}.Release|Any CPU.Build.0 = Release|Any CPU
	EndGlobalSection
	GlobalSection(SolutionProperties) = preSolution
		HideSolutionNode = FALSE
	EndGlobalSection
	GlobalSection(ExtensibilityGlobals) = postSolution
		SolutionGuid = {70DE2BED-ED77-4E43-B445-8BCDFBAD28AB}
	EndGlobalSection
EndGlobal
